
Microsoft Visual Studio Solution File, Format Version 12.00
# Visual Studio Version 17
VisualStudioVersion = 17.3.32929.385
MinimumVisualStudioVersion = 10.0.40219.1
Project("{FAE04EC0-301F-11D3-BF4B-00C04F79EFBC}") = "UIS.API", "UIS.API\UIS.API.csproj", "{448C9C39-2A9A-4053-B988-C133AA5956F8}"
EndProject
Project("{FAE04EC0-301F-11D3-BF4B-00C04F79EFBC}") = "UIS.Services", "UIS.Services\UIS.Services.csproj", "{B03064BE-F2B0-4130-A7DC-48573C2F7C79}"
EndProject
Project("{FAE04EC0-301F-11D3-BF4B-00C04F79EFBC}") = "UIS.DAL", "UIS.DAL\UIS.DAL.csproj", "{2CB7BE54-99A6-462B-8A90-69B6586C07DC}"
EndProject
Global
	GlobalSection(SolutionConfigurationPlatforms) = preSolution
		Debug|Any CPU = Debug|Any CPU
		Release|Any CPU = Release|Any CPU
	EndGlobalSection
	GlobalSection(ProjectConfigurationPlatforms) = postSolution
		{448C9C39-2A9A-4053-B988-C133AA5956F8}.Debug|Any CPU.ActiveCfg = Debug|Any CPU
		{448C9C39-2A9A-4053-B988-C133AA5956F8}.Debug|Any CPU.Build.0 = Debug|Any CPU
		{448C9C39-2A9A-4053-B988-C133AA5956F8}.Release|Any CPU.ActiveCfg = Release|Any CPU
		{448C9C39-2A9A-4053-B988-C133AA5956F8}.Release|Any CPU.Build.0 = Release|Any CPU
		{B03064BE-F2B0-4130-A7DC-48573C2F7C79}.Debug|Any CPU.ActiveCfg = Debug|Any CPU
		{B03064BE-F2B0-4130-A7DC-48573C2F7C79}.Debug|Any CPU.Build.0 = Debug|Any CPU
		{B03064BE-F2B0-4130-A7DC-48573C2F7C79}.Release|Any CPU.ActiveCfg = Release|Any CPU
		{B03064BE-F2B0-4130-A7DC-48573C2F7C79}.Release|Any CPU.Build.0 = Release|Any CPU
		{2CB7BE54-99A6-462B-8A90-69B6586C07DC}.Debug|Any CPU.ActiveCfg = Debug|Any CPU
		{2CB7BE54-99A6-462B-8A90-69B6586C07DC}.Debug|Any CPU.Build.0 = Debug|Any CPU
		{2CB7BE54-99A6-462B-8A90-69B6586C07DC}.Release|Any CPU.ActiveCfg = Release|Any CPU
		{2CB7BE54-99A6-462B-8A90-69B6586C07DC}.Release|Any CPU.Build.0 = Release|Any CPU
	EndGlobalSection
	GlobalSection(SolutionProperties) = preSolution
		HideSolutionNode = FALSE
	EndGlobalSection
	GlobalSection(ExtensibilityGlobals) = postSolution
		SolutionGuid = {176864E4-ACF0-4976-8460-1BE4E864D1AC}
	EndGlobalSection
EndGlobal
